
Microsoft Visual Studio Solution File, Format Version 11.00
# Visual C# Express 2010
Project("{FAE04EC0-301F-11D3-BF4B-00C04F79EFBC}") = "DropLock", "DropLock.csproj", "{939C38AF-6A4E-41D9-AA6F-EE2C90DF5507}"
EndProject
Global
	GlobalSection(SolutionConfigurationPlatforms) = preSolution
		Debug|x86 = Debug|x86
		Release|x86 = Release|x86
	EndGlobalSection
	GlobalSection(ProjectConfigurationPlatforms) = postSolution
		{939C38AF-6A4E-41D9-AA6F-EE2C90DF5507}.Debug|x86.ActiveCfg = Release|x86
		{939C38AF-6A4E-41D9-AA6F-EE2C90DF5507}.Debug|x86.Build.0 = Release|x86
		{939C38AF-6A4E-41D9-AA6F-EE2C90DF5507}.Release|x86.ActiveCfg = Release|x86
		{939C38AF-6A4E-41D9-AA6F-EE2C90DF5507}.Release|x86.Build.0 = Release|x86
	EndGlobalSection
	GlobalSection(SolutionProperties) = preSolution
		HideSolutionNode = FALSE
	EndGlobalSection
EndGlobal
